// !$*UTF8*$!
{
	archiveVersion = 1;
	classes = {
	};
	objectVersion = 50;
	objects = {

/* Begin PBXBuildFile section */
		4626DC4021A6D9C40024FBD6 /* AppDelegate.swift in Sources */ = {isa = PBXBuildFile; fileRef = 4626DC3F21A6D9C40024FBD6 /* AppDelegate.swift */; };
		4626DC4221A6D9C40024FBD6 /* ViewController.swift in Sources */ = {isa = PBXBuildFile; fileRef = 4626DC4121A6D9C40024FBD6 /* ViewController.swift */; };
		4626DC4521A6D9C40024FBD6 /* Main.storyboard in Resources */ = {isa = PBXBuildFile; fileRef = 4626DC4321A6D9C40024FBD6 /* Main.storyboard */; };
		4626DC4721A6D9C50024FBD6 /* Assets.xcassets in Resources */ = {isa = PBXBuildFile; fileRef = 4626DC4621A6D9C50024FBD6 /* Assets.xcassets */; };
		4626DC4A21A6D9C50024FBD6 /* LaunchScreen.storyboard in Resources */ = {isa = PBXBuildFile; fileRef = 4626DC4821A6D9C50024FBD6 /* LaunchScreen.storyboard */; };
		4626DC5521A6D9C60024FBD6 /* WalletToolTests.swift in Sources */ = {isa = PBXBuildFile; fileRef = 4626DC5421A6D9C60024FBD6 /* WalletToolTests.swift */; };
		4626DC6021A6D9C60024FBD6 /* WalletToolUITests.swift in Sources */ = {isa = PBXBuildFile; fileRef = 4626DC5F21A6D9C60024FBD6 /* WalletToolUITests.swift */; };
		4626DC6E21A6DCF50024FBD6 /* RootViewController.swift in Sources */ = {isa = PBXBuildFile; fileRef = 4626DC6D21A6DCF50024FBD6 /* RootViewController.swift */; };
/* End PBXBuildFile section */

/* Begin PBXContainerItemProxy section */
		4626DC5121A6D9C60024FBD6 /* PBXContainerItemProxy */ = {
			isa = PBXContainerItemProxy;
			containerPortal = 4626DC3421A6D9C40024FBD6 /* Project object */;
			proxyType = 1;
			remoteGlobalIDString = 4626DC3B21A6D9C40024FBD6;
			remoteInfo = WalletTool;
		};
		4626DC5C21A6D9C60024FBD6 /* PBXContainerItemProxy */ = {
			isa = PBXContainerItemProxy;
			containerPortal = 4626DC3421A6D9C40024FBD6 /* Project object */;
			proxyType = 1;
			remoteGlobalIDString = 4626DC3B21A6D9C40024FBD6;
			remoteInfo = WalletTool;
		};
/* End PBXContainerItemProxy section */

/* Begin PBXFileReference section */
		4626DC3C21A6D9C40024FBD6 /* WalletTool.app */ = {isa = PBXFileReference; explicitFileType = wrapper.application; includeInIndex = 0; path = WalletTool.app; sourceTree = BUILT_PRODUCTS_DIR; };
		4626DC3F21A6D9C40024FBD6 /* AppDelegate.swift */ = {isa = PBXFileReference; lastKnownFileType = sourcecode.swift; path = AppDelegate.swift; sourceTree = "<group>"; };
		4626DC4121A6D9C40024FBD6 /* ViewController.swift */ = {isa = PBXFileReference; lastKnownFileType = sourcecode.swift; path = ViewController.swift; sourceTree = "<group>"; };
		4626DC4421A6D9C40024FBD6 /* Base */ = {isa = PBXFileReference; lastKnownFileType = file.storyboard; name = Base; path = Base.lproj/Main.storyboard; sourceTree = "<group>"; };
		4626DC4621A6D9C50024FBD6 /* Assets.xcassets */ = {isa = PBXFileReference; lastKnownFileType = folder.assetcatalog; path = Assets.xcassets; sourceTree = "<group>"; };
		4626DC4921A6D9C50024FBD6 /* Base */ = {isa = PBXFileReference; lastKnownFileType = file.storyboard; name = Base; path = Base.lproj/LaunchScreen.storyboard; sourceTree = "<group>"; };
		4626DC4B21A6D9C50024FBD6 /* Info.plist */ = {isa = PBXFileReference; lastKnownFileType = text.plist.xml; path = Info.plist; sourceTree = "<group>"; };
		4626DC5021A6D9C60024FBD6 /* WalletToolTests.xctest */ = {isa = PBXFileReference; explicitFileType = wrapper.cfbundle; includeInIndex = 0; path = WalletToolTests.xctest; sourceTree = BUILT_PRODUCTS_DIR; };
		4626DC5421A6D9C60024FBD6 /* WalletToolTests.swift */ = {isa = PBXFileReference; lastKnownFileType = sourcecode.swift; path = WalletToolTests.swift; sourceTree = "<group>"; };
		4626DC5621A6D9C60024FBD6 /* Info.plist */ = {isa = PBXFileReference; lastKnownFileType = text.plist.xml; path = Info.plist; sourceTree = "<group>"; };
		4626DC5B21A6D9C60024FBD6 /* WalletToolUITests.xctest */ = {isa = PBXFileReference; explicitFileType = wrapper.cfbundle; includeInIndex = 0; path = WalletToolUITests.xctest; sourceTree = BUILT_PRODUCTS_DIR; };
		4626DC5F21A6D9C60024FBD6 /* WalletToolUITests.swift */ = {isa = PBXFileReference; lastKnownFileType = sourcecode.swift; path = WalletToolUITests.swift; sourceTree = "<group>"; };
		4626DC6121A6D9C60024FBD6 /* Info.plist */ = {isa = PBXFileReference; lastKnownFileType = text.plist.xml; path = Info.plist; sourceTree = "<group>"; };
		4626DC6D21A6DCF50024FBD6 /* RootViewController.swift */ = {isa = PBXFileReference; lastKnownFileType = sourcecode.swift; path = RootViewController.swift; sourceTree = "<group>"; };
/* End PBXFileReference section */

/* Begin PBXFrameworksBuildPhase section */
		4626DC3921A6D9C40024FBD6 /* Frameworks */ = {
			isa = PBXFrameworksBuildPhase;
			buildActionMask = 2147483647;
			files = (
			);
			runOnlyForDeploymentPostprocessing = 0;
		};
		4626DC4D21A6D9C60024FBD6 /* Frameworks */ = {
			isa = PBXFrameworksBuildPhase;
			buildActionMask = 2147483647;
			files = (
			);
			runOnlyForDeploymentPostprocessing = 0;
		};
		4626DC5821A6D9C60024FBD6 /* Frameworks */ = {
			isa = PBXFrameworksBuildPhase;
			buildActionMask = 2147483647;
			files = (
			);
			runOnlyForDeploymentPostprocessing = 0;
		};
/* End PBXFrameworksBuildPhase section */

/* Begin PBXGroup section */
		4626DC3321A6D9C40024FBD6 = {
			isa = PBXGroup;
			children = (
				4626DC3E21A6D9C40024FBD6 /* WalletTool */,
				4626DC5321A6D9C60024FBD6 /* WalletToolTests */,
				4626DC5E21A6D9C60024FBD6 /* WalletToolUITests */,
				4626DC3D21A6D9C40024FBD6 /* Products */,
			);
			sourceTree = "<group>";
		};
		4626DC3D21A6D9C40024FBD6 /* Products */ = {
			isa = PBXGroup;
			children = (
				4626DC3C21A6D9C40024FBD6 /* WalletTool.app */,
				4626DC5021A6D9C60024FBD6 /* WalletToolTests.xctest */,
				4626DC5B21A6D9C60024FBD6 /* WalletToolUITests.xctest */,
			);
			name = Products;
			sourceTree = "<group>";
		};
		4626DC3E21A6D9C40024FBD6 /* WalletTool */ = {
			isa = PBXGroup;
			children = (
				4626DC3F21A6D9C40024FBD6 /* AppDelegate.swift */,
				4626DC4121A6D9C40024FBD6 /* ViewController.swift */,
				4626DC4321A6D9C40024FBD6 /* Main.storyboard */,
				4626DC4621A6D9C50024FBD6 /* Assets.xcassets */,
				4626DC4821A6D9C50024FBD6 /* LaunchScreen.storyboard */,
				4626DC4B21A6D9C50024FBD6 /* Info.plist */,
				4626DC6D21A6DCF50024FBD6 /* RootViewController.swift */,
			);
			path = WalletTool;
			sourceTree = "<group>";
		};
		4626DC5321A6D9C60024FBD6 /* WalletToolTests */ = {
			isa = PBXGroup;
			children = (
				4626DC5421A6D9C60024FBD6 /* WalletToolTests.swift */,
				4626DC5621A6D9C60024FBD6 /* Info.plist */,
			);
			path = WalletToolTests;
			sourceTree = "<group>";
		};
		4626DC5E21A6D9C60024FBD6 /* WalletToolUITests */ = {
			isa = PBXGroup;
			children = (
				4626DC5F21A6D9C60024FBD6 /* WalletToolUITests.swift */,
				4626DC6121A6D9C60024FBD6 /* Info.plist */,
			);
			path = WalletToolUITests;
			sourceTree = "<group>";
		};
/* End PBXGroup section */

/* Begin PBXNativeTarget section */
		4626DC3B21A6D9C40024FBD6 /* WalletTool */ = {
			isa = PBXNativeTarget;
			buildConfigurationList = 4626DC6421A6D9C60024FBD6 /* Build configuration list for PBXNativeTarget "WalletTool" */;
			buildPhases = (
				4626DC3821A6D9C40024FBD6 /* Sources */,
				4626DC3921A6D9C40024FBD6 /* Frameworks */,
				4626DC3A21A6D9C40024FBD6 /* Resources */,
			);
			buildRules = (
			);
			dependencies = (
			);
			name = WalletTool;
			productName = WalletTool;
			productReference = 4626DC3C21A6D9C40024FBD6 /* WalletTool.app */;
			productType = "com.apple.product-type.application";
		};
		4626DC4F21A6D9C60024FBD6 /* WalletToolTests */ = {
			isa = PBXNativeTarget;
			buildConfigurationList = 4626DC6721A6D9C60024FBD6 /* Build configuration list for PBXNativeTarget "WalletToolTests" */;
			buildPhases = (
				4626DC4C21A6D9C60024FBD6 /* Sources */,
				4626DC4D21A6D9C60024FBD6 /* Frameworks */,
				4626DC4E21A6D9C60024FBD6 /* Resources */,
			);
			buildRules = (
			);
			dependencies = (
				4626DC5221A6D9C60024FBD6 /* PBXTargetDependency */,
			);
			name = WalletToolTests;
			productName = WalletToolTests;
			productReference = 4626DC5021A6D9C60024FBD6 /* WalletToolTests.xctest */;
			productType = "com.apple.product-type.bundle.unit-test";
		};
		4626DC5A21A6D9C60024FBD6 /* WalletToolUITests */ = {
			isa = PBXNativeTarget;
			buildConfigurationList = 4626DC6A21A6D9C60024FBD6 /* Build configuration list for PBXNativeTarget "WalletToolUITests" */;
			buildPhases = (
				4626DC5721A6D9C60024FBD6 /* Sources */,
				4626DC5821A6D9C60024FBD6 /* Frameworks */,
				4626DC5921A6D9C60024FBD6 /* Resources */,
			);
			buildRules = (
			);
			dependencies = (
				4626DC5D21A6D9C60024FBD6 /* PBXTargetDependency */,
			);
			name = WalletToolUITests;
			productName = WalletToolUITests;
			productReference = 4626DC5B21A6D9C60024FBD6 /* WalletToolUITests.xctest */;
			productType = "com.apple.product-type.bundle.ui-testing";
		};
/* End PBXNativeTarget section */

/* Begin PBXProject section */
		4626DC3421A6D9C40024FBD6 /* Project object */ = {
			isa = PBXProject;
			attributes = {
				LastSwiftUpdateCheck = 1010;
				LastUpgradeCheck = 1010;
				ORGANIZATIONNAME = Jiacheng;
				TargetAttributes = {
					4626DC3B21A6D9C40024FBD6 = {
						CreatedOnToolsVersion = 10.1;
					};
					4626DC4F21A6D9C60024FBD6 = {
						CreatedOnToolsVersion = 10.1;
						TestTargetID = 4626DC3B21A6D9C40024FBD6;
					};
					4626DC5A21A6D9C60024FBD6 = {
						CreatedOnToolsVersion = 10.1;
						TestTargetID = 4626DC3B21A6D9C40024FBD6;
					};
				};
			};
			buildConfigurationList = 4626DC3721A6D9C40024FBD6 /* Build configuration list for PBXProject "WalletTool" */;
			compatibilityVersion = "Xcode 9.3";
			developmentRegion = en;
			hasScannedForEncodings = 0;
			knownRegions = (
				en,
				Base,
			);
			mainGroup = 4626DC3321A6D9C40024FBD6;
			productRefGroup = 4626DC3D21A6D9C40024FBD6 /* Products */;
			projectDirPath = "";
			projectRoot = "";
			targets = (
				4626DC3B21A6D9C40024FBD6 /* WalletTool */,
				4626DC4F21A6D9C60024FBD6 /* WalletToolTests */,
				4626DC5A21A6D9C60024FBD6 /* WalletToolUITests */,
			);
		};
/* End PBXProject section */

/* Begin PBXResourcesBuildPhase section */
		4626DC3A21A6D9C40024FBD6 /* Resources */ = {
			isa = PBXResourcesBuildPhase;
			buildActionMask = 2147483647;
			files = (
				4626DC4A21A6D9C50024FBD6 /* LaunchScreen.storyboard in Resources */,
				4626DC4721A6D9C50024FBD6 /* Assets.xcassets in Resources */,
				4626DC4521A6D9C40024FBD6 /* Main.storyboard in Resources */,
			);
			runOnlyForDeploymentPostprocessing = 0;
		};
		4626DC4E21A6D9C60024FBD6 /* Resources */ = {
			isa = PBXResourcesBuildPhase;
			buildActionMask = 2147483647;
			files = (
			);
			runOnlyForDeploymentPostprocessing = 0;
		};
		4626DC5921A6D9C60024FBD6 /* Resources */ = {
			isa = PBXResourcesBuildPhase;
			buildActionMask = 2147483647;
			files = (
			);
			runOnlyForDeploymentPostprocessing = 0;
		};
/* End PBXResourcesBuildPhase section */

/* Begin PBXSourcesBuildPhase section */
		4626DC3821A6D9C40024FBD6 /* Sources */ = {
			isa = PBXSourcesBuildPhase;
			buildActionMask = 2147483647;
			files = (
				4626DC4221A6D9C40024FBD6 /* ViewController.swift in Sources */,
				4626DC4021A6D9C40024FBD6 /* AppDelegate.swift in Sources */,
				4626DC6E21A6DCF50024FBD6 /* RootViewController.swift in Sources */,
			);
			runOnlyForDeploymentPostprocessing = 0;
		};
		4626DC4C21A6D9C60024FBD6 /* Sources */ = {
			isa = PBXSourcesBuildPhase;
			buildActionMask = 2147483647;
			files = (
				4626DC5521A6D9C60024FBD6 /* WalletToolTests.swift in Sources */,
			);
			runOnlyForDeploymentPostprocessing = 0;
		};
		4626DC5721A6D9C60024FBD6 /* Sources */ = {
			isa = PBXSourcesBuildPhase;
			buildActionMask = 2147483647;
			files = (
				4626DC6021A6D9C60024FBD6 /* WalletToolUITests.swift in Sources */,
			);
			runOnlyForDeploymentPostprocessing = 0;
		};
/* End PBXSourcesBuildPhase section */

/* Begin PBXTargetDependency section */
		4626DC5221A6D9C60024FBD6 /* PBXTargetDependency */ = {
			isa = PBXTargetDependency;
			target = 4626DC3B21A6D9C40024FBD6 /* WalletTool */;
			targetProxy = 4626DC5121A6D9C60024FBD6 /* PBXContainerItemProxy */;
		};
		4626DC5D21A6D9C60024FBD6 /* PBXTargetDependency */ = {
			isa = PBXTargetDependency;
			target = 4626DC3B21A6D9C40024FBD6 /* WalletTool */;
			targetProxy = 4626DC5C21A6D9C60024FBD6 /* PBXContainerItemProxy */;
		};
/* End PBXTargetDependency section */

/* Begin PBXVariantGroup section */
		4626DC4321A6D9C40024FBD6 /* Main.storyboard */ = {
			isa = PBXVariantGroup;
			children = (
				4626DC4421A6D9C40024FBD6 /* Base */,
			);
			name = Main.storyboard;
			sourceTree = "<group>";
		};
		4626DC4821A6D9C50024FBD6 /* LaunchScreen.storyboard */ = {
			isa = PBXVariantGroup;
			children = (
				4626DC4921A6D9C50024FBD6 /* Base */,
			);
			name = LaunchScreen.storyboard;
			sourceTree = "<group>";
		};
/* End PBXVariantGroup section */

/* Begin XCBuildConfiguration section */
		4626DC6221A6D9C60024FBD6 /* Debug */ = {
			isa = XCBuildConfiguration;
			buildSettings = {
				ALWAYS_SEARCH_USER_PATHS = NO;
				CLANG_ANALYZER_NONNULL = YES;
				CLANG_ANALYZER_NUMBER_OBJECT_CONVERSION = YES_AGGRESSIVE;
				CLANG_CXX_LANGUAGE_STANDARD = "gnu++14";
				CLANG_CXX_LIBRARY = "libc++";
				CLANG_ENABLE_MODULES = YES;
				CLANG_ENABLE_OBJC_ARC = YES;
				CLANG_ENABLE_OBJC_WEAK = YES;
				CLANG_WARN_BLOCK_CAPTURE_AUTORELEASING = YES;
				CLANG_WARN_BOOL_CONVERSION = YES;
				CLANG_WARN_COMMA = YES;
				CLANG_WARN_CONSTANT_CONVERSION = YES;
				CLANG_WARN_DEPRECATED_OBJC_IMPLEMENTATIONS = YES;
				CLANG_WARN_DIRECT_OBJC_ISA_USAGE = YES_ERROR;
				CLANG_WARN_DOCUMENTATION_COMMENTS = YES;
				CLANG_WARN_EMPTY_BODY = YES;
				CLANG_WARN_ENUM_CONVERSION = YES;
				CLANG_WARN_INFINITE_RECURSION = YES;
				CLANG_WARN_INT_CONVERSION = YES;
				CLANG_WARN_NON_LITERAL_NULL_CONVERSION = YES;
				CLANG_WARN_OBJC_IMPLICIT_RETAIN_SELF = YES;
				CLANG_WARN_OBJC_LITERAL_CONVERSION = YES;
				CLANG_WARN_OBJC_ROOT_CLASS = YES_ERROR;
				CLANG_WARN_RANGE_LOOP_ANALYSIS = YES;
				CLANG_WARN_STRICT_PROTOTYPES = YES;
				CLANG_WARN_SUSPICIOUS_MOVE = YES;
				CLANG_WARN_UNGUARDED_AVAILABILITY = YES_AGGRESSIVE;
				CLANG_WARN_UNREACHABLE_CODE = YES;
				CLANG_WARN__DUPLICATE_METHOD_MATCH = YES;
				CODE_SIGN_IDENTITY = "iPhone Developer";
				COPY_PHASE_STRIP = NO;
				DEBUG_INFORMATION_FORMAT = dwarf;
				ENABLE_STRICT_OBJC_MSGSEND = YES;
				ENABLE_TESTABILITY = YES;
				GCC_C_LANGUAGE_STANDARD = gnu11;
				GCC_DYNAMIC_NO_PIC = NO;
				GCC_NO_COMMON_BLOCKS = YES;
				GCC_OPTIMIZATION_LEVEL = 0;
				GCC_PREPROCESSOR_DEFINITIONS = (
					"DEBUG=1",
					"$(inherited)",
				);
				GCC_WARN_64_TO_32_BIT_CONVERSION = YES;
				GCC_WARN_ABOUT_RETURN_TYPE = YES_ERROR;
				GCC_WARN_UNDECLARED_SELECTOR = YES;
				GCC_WARN_UNINITIALIZED_AUTOS = YES_AGGRESSIVE;
				GCC_WARN_UNUSED_FUNCTION = YES;
				GCC_WARN_UNUSED_VARIABLE = YES;
				IPHONEOS_DEPLOYMENT_TARGET = 12.1;
				MTL_ENABLE_DEBUG_INFO = INCLUDE_SOURCE;
				MTL_FAST_MATH = YES;
				ONLY_ACTIVE_ARCH = YES;
				SDKROOT = iphoneos;
				SWIFT_ACTIVE_COMPILATION_CONDITIONS = DEBUG;
				SWIFT_OPTIMIZATION_LEVEL = "-Onone";
			};
			name = Debug;
		};
		4626DC6321A6D9C60024FBD6 /* Release */ = {
			isa = XCBuildConfiguration;
			buildSettings = {
				ALWAYS_SEARCH_USER_PATHS = NO;
				CLANG_ANALYZER_NONNULL = YES;
				CLANG_ANALYZER_NUMBER_OBJECT_CONVERSION = YES_AGGRESSIVE;
				CLANG_CXX_LANGUAGE_STANDARD = "gnu++14";
				CLANG_CXX_LIBRARY = "libc++";
				CLANG_ENABLE_MODULES = YES;
				CLANG_ENABLE_OBJC_ARC = YES;
				CLANG_ENABLE_OBJC_WEAK = YES;
				CLANG_WARN_BLOCK_CAPTURE_AUTORELEASING = YES;
				CLANG_WARN_BOOL_CONVERSION = YES;
				CLANG_WARN_COMMA = YES;
				CLANG_WARN_CONSTANT_CONVERSION = YES;
				CLANG_WARN_DEPRECATED_OBJC_IMPLEMENTATIONS = YES;
				CLANG_WARN_DIRECT_OBJC_ISA_USAGE = YES_ERROR;
				CLANG_WARN_DOCUMENTATION_COMMENTS = YES;
				CLANG_WARN_EMPTY_BODY = YES;
				CLANG_WARN_ENUM_CONVERSION = YES;
				CLANG_WARN_INFINITE_RECURSION = YES;
				CLANG_WARN_INT_CONVERSION = YES;
				CLANG_WARN_NON_LITERAL_NULL_CONVERSION = YES;
				CLANG_WARN_OBJC_IMPLICIT_RETAIN_SELF = YES;
				CLANG_WARN_OBJC_LITERAL_CONVERSION = YES;
				CLANG_WARN_OBJC_ROOT_CLASS = YES_ERROR;
				CLANG_WARN_RANGE_LOOP_ANALYSIS = YES;
				CLANG_WARN_STRICT_PROTOTYPES = YES;
				CLANG_WARN_SUSPICIOUS_MOVE = YES;
				CLANG_WARN_UNGUARDED_AVAILABILITY = YES_AGGRESSIVE;
				CLANG_WARN_UNREACHABLE_CODE = YES;
				CLANG_WARN__DUPLICATE_METHOD_MATCH = YES;
				CODE_SIGN_IDENTITY = "iPhone Developer";
				COPY_PHASE_STRIP = NO;
				DEBUG_INFORMATION_FORMAT = "dwarf-with-dsym";
				ENABLE_NS_ASSERTIONS = NO;
				ENABLE_STRICT_OBJC_MSGSEND = YES;
				GCC_C_LANGUAGE_STANDARD = gnu11;
				GCC_NO_COMMON_BLOCKS = YES;
				GCC_WARN_64_TO_32_BIT_CONVERSION = YES;
				GCC_WARN_ABOUT_RETURN_TYPE = YES_ERROR;
				GCC_WARN_UNDECLARED_SELECTOR = YES;
				GCC_WARN_UNINITIALIZED_AUTOS = YES_AGGRESSIVE;
				GCC_WARN_UNUSED_FUNCTION = YES;
				GCC_WARN_UNUSED_VARIABLE = YES;
				IPHONEOS_DEPLOYMENT_TARGET = 12.1;
				MTL_ENABLE_DEBUG_INFO = NO;
				MTL_FAST_MATH = YES;
				SDKROOT = iphoneos;
				SWIFT_COMPILATION_MODE = wholemodule;
				SWIFT_OPTIMIZATION_LEVEL = "-O";
				VALIDATE_PRODUCT = YES;
			};
			name = Release;
		};
		4626DC6521A6D9C60024FBD6 /* Debug */ = {
			isa = XCBuildConfiguration;
			buildSettings = {
				ASSETCATALOG_COMPILER_APPICON_NAME = AppIcon;
				CODE_SIGN_STYLE = Automatic;
				DEVELOPMENT_TEAM = Q54B9BKAKK;
				INFOPLIST_FILE = WalletTool/Info.plist;
				LD_RUNPATH_SEARCH_PATHS = (
					"$(inherited)",
					"@executable_path/Frameworks",
				);
				PRODUCT_BUNDLE_IDENTIFIER = site.jiacheng.WalletTool;
				PRODUCT_NAME = "$(TARGET_NAME)";
				SWIFT_VERSION = 4.2;
				TARGETED_DEVICE_FAMILY = "1,2";
			};
			name = Debug;
		};
		4626DC6621A6D9C60024FBD6 /* Release */ = {
			isa = XCBuildConfiguration;
			buildSettings = {
				ASSETCATALOG_COMPILER_APPICON_NAME = AppIcon;
				CODE_SIGN_STYLE = Automatic;
				DEVELOPMENT_TEAM = Q54B9BKAKK;
				INFOPLIST_FILE = WalletTool/Info.plist;
				LD_RUNPATH_SEARCH_PATHS = (
					"$(inherited)",
					"@executable_path/Frameworks",
				);
				PRODUCT_BUNDLE_IDENTIFIER = site.jiacheng.WalletTool;
				PRODUCT_NAME = "$(TARGET_NAME)";
				SWIFT_VERSION = 4.2;
				TARGETED_DEVICE_FAMILY = "1,2";
			};
			name = Release;
		};
		4626DC6821A6D9C60024FBD6 /* Debug */ = {
			isa = XCBuildConfiguration;
			buildSettings = {
				ALWAYS_EMBED_SWIFT_STANDARD_LIBRARIES = YES;
				BUNDLE_LOADER = "$(TEST_HOST)";
				CODE_SIGN_STYLE = Automatic;
				DEVELOPMENT_TEAM = Q54B9BKAKK;
				INFOPLIST_FILE = WalletToolTests/Info.plist;
				LD_RUNPATH_SEARCH_PATHS = (
					"$(inherited)",
					"@executable_path/Frameworks",
					"@loader_path/Frameworks",
				);
				PRODUCT_BUNDLE_IDENTIFIER = site.jiacheng.WalletToolTests;
				PRODUCT_NAME = "$(TARGET_NAME)";
				SWIFT_VERSION = 4.2;
				TARGETED_DEVICE_FAMILY = "1,2";
				TEST_HOST = "$(BUILT_PRODUCTS_DIR)/WalletTool.app/WalletTool";
			};
			name = Debug;
		};
		4626DC6921A6D9C60024FBD6 /* Release */ = {
			isa = XCBuildConfiguration;
			buildSettings = {
				ALWAYS_EMBED_SWIFT_STANDARD_LIBRARIES = YES;
				BUNDLE_LOADER = "$(TEST_HOST)";
				CODE_SIGN_STYLE = Automatic;
				DEVELOPMENT_TEAM = Q54B9BKAKK;
				INFOPLIST_FILE = WalletToolTests/Info.plist;
				LD_RUNPATH_SEARCH_PATHS = (
					"$(inherited)",
					"@executable_path/Frameworks",
					"@loader_path/Frameworks",
				);
				PRODUCT_BUNDLE_IDENTIFIER = site.jiacheng.WalletToolTests;
				PRODUCT_NAME = "$(TARGET_NAME)";
				SWIFT_VERSION = 4.2;
				TARGETED_DEVICE_FAMILY = "1,2";
				TEST_HOST = "$(BUILT_PRODUCTS_DIR)/WalletTool.app/WalletTool";
			};
			name = Release;
		};
		4626DC6B21A6D9C60024FBD6 /* Debug */ = {
			isa = XCBuildConfiguration;
			buildSettings = {
				ALWAYS_EMBED_SWIFT_STANDARD_LIBRARIES = YES;
				CODE_SIGN_STYLE = Automatic;
				DEVELOPMENT_TEAM = Q54B9BKAKK;
				INFOPLIST_FILE = WalletToolUITests/Info.plist;
				LD_RUNPATH_SEARCH_PATHS = (
					"$(inherited)",
					"@executable_path/Frameworks",
					"@loader_path/Frameworks",
				);
				PRODUCT_BUNDLE_IDENTIFIER = site.jiacheng.WalletToolUITests;
				PRODUCT_NAME = "$(TARGET_NAME)";
				SWIFT_VERSION = 4.2;
				TARGETED_DEVICE_FAMILY = "1,2";
				TEST_TARGET_NAME = WalletTool;
			};
			name = Debug;
		};
		4626DC6C21A6D9C60024FBD6 /* Release */ = {
			isa = XCBuildConfiguration;
			buildSettings = {
				ALWAYS_EMBED_SWIFT_STANDARD_LIBRARIES = YES;
				CODE_SIGN_STYLE = Automatic;
				DEVELOPMENT_TEAM = Q54B9BKAKK;
				INFOPLIST_FILE = WalletToolUITests/Info.plist;
				LD_RUNPATH_SEARCH_PATHS = (
					"$(inherited)",
					"@executable_path/Frameworks",
					"@loader_path/Frameworks",
				);
				PRODUCT_BUNDLE_IDENTIFIER = site.jiacheng.WalletToolUITests;
				PRODUCT_NAME = "$(TARGET_NAME)";
				SWIFT_VERSION = 4.2;
				TARGETED_DEVICE_FAMILY = "1,2";
				TEST_TARGET_NAME = WalletTool;
			};
			name = Release;
		};
/* End XCBuildConfiguration section */

/* Begin XCConfigurationList section */
		4626DC3721A6D9C40024FBD6 /* Build configuration list for PBXProject "WalletTool" */ = {
			isa = XCConfigurationList;
			buildConfigurations = (
				4626DC6221A6D9C60024FBD6 /* Debug */,
				4626DC6321A6D9C60024FBD6 /* Release */,
			);
			defaultConfigurationIsVisible = 0;
			defaultConfigurationName = Release;
		};
		4626DC6421A6D9C60024FBD6 /* Build configuration list for PBXNativeTarget "WalletTool" */ = {
			isa = XCConfigurationList;
			buildConfigurations = (
				4626DC6521A6D9C60024FBD6 /* Debug */,
				4626DC6621A6D9C60024FBD6 /* Release */,
			);
			defaultConfigurationIsVisible = 0;
			defaultConfigurationName = Release;
		};
		4626DC6721A6D9C60024FBD6 /* Build configuration list for PBXNativeTarget "WalletToolTests" */ = {
			isa = XCConfigurationList;
			buildConfigurations = (
				4626DC6821A6D9C60024FBD6 /* Debug */,
				4626DC6921A6D9C60024FBD6 /* Release */,
			);
			defaultConfigurationIsVisible = 0;
			defaultConfigurationName = Release;
		};
		4626DC6A21A6D9C60024FBD6 /* Build configuration list for PBXNativeTarget "WalletToolUITests" */ = {
			isa = XCConfigurationList;
			buildConfigurations = (
				4626DC6B21A6D9C60024FBD6 /* Debug */,
				4626DC6C21A6D9C60024FBD6 /* Release */,
			);
			defaultConfigurationIsVisible = 0;
			defaultConfigurationName = Release;
		};
/* End XCConfigurationList section */
	};
	rootObject = 4626DC3421A6D9C40024FBD6 /* Project object */;
}
